// !$*UTF8*$!
{
	archiveVersion = 1;
	classes = {
	};
	objectVersion = 50;
	objects = {

/* Begin PBXBuildFile section */
		7E1D4FC423C7DDFF00224D5C /* AppDelegate.swift in Sources */ = {isa = PBXBuildFile; fileRef = 7E1D4FC323C7DDFF00224D5C /* AppDelegate.swift */; };
		7E1D4FC623C7DDFF00224D5C /* SceneDelegate.swift in Sources */ = {isa = PBXBuildFile; fileRef = 7E1D4FC523C7DDFF00224D5C /* SceneDelegate.swift */; };
		7E1D4FC823C7DDFF00224D5C /* ViewController.swift in Sources */ = {isa = PBXBuildFile; fileRef = 7E1D4FC723C7DDFF00224D5C /* ViewController.swift */; };
		7E1D4FCB23C7DDFF00224D5C /* Main.storyboard in Resources */ = {isa = PBXBuildFile; fileRef = 7E1D4FC923C7DDFF00224D5C /* Main.storyboard */; };
		7E1D4FCD23C7DE0000224D5C /* Assets.xcassets in Resources */ = {isa = PBXBuildFile; fileRef = 7E1D4FCC23C7DE0000224D5C /* Assets.xcassets */; };
		7E1D4FD023C7DE0000224D5C /* LaunchScreen.storyboard in Resources */ = {isa = PBXBuildFile; fileRef = 7E1D4FCE23C7DE0000224D5C /* LaunchScreen.storyboard */; };
		7E1D4FDB23C7DE0100224D5C /* AnimationTests.swift in Sources */ = {isa = PBXBuildFile; fileRef = 7E1D4FDA23C7DE0100224D5C /* AnimationTests.swift */; };
		7E1D4FE623C7DE0100224D5C /* AnimationUITests.swift in Sources */ = {isa = PBXBuildFile; fileRef = 7E1D4FE523C7DE0100224D5C /* AnimationUITests.swift */; };
/* End PBXBuildFile section */

/* Begin PBXContainerItemProxy section */
		7E1D4FD723C7DE0100224D5C /* PBXContainerItemProxy */ = {
			isa = PBXContainerItemProxy;
			containerPortal = 7E1D4FB823C7DDFF00224D5C /* Project object */;
			proxyType = 1;
			remoteGlobalIDString = 7E1D4FBF23C7DDFF00224D5C;
			remoteInfo = Animation;
		};
		7E1D4FE223C7DE0100224D5C /* PBXContainerItemProxy */ = {
			isa = PBXContainerItemProxy;
			containerPortal = 7E1D4FB823C7DDFF00224D5C /* Project object */;
			proxyType = 1;
			remoteGlobalIDString = 7E1D4FBF23C7DDFF00224D5C;
			remoteInfo = Animation;
		};
/* End PBXContainerItemProxy section */

/* Begin PBXFileReference section */
		7E1D4FC023C7DDFF00224D5C /* Animation.app */ = {isa = PBXFileReference; explicitFileType = wrapper.application; includeInIndex = 0; path = Animation.app; sourceTree = BUILT_PRODUCTS_DIR; };
		7E1D4FC323C7DDFF00224D5C /* AppDelegate.swift */ = {isa = PBXFileReference; lastKnownFileType = sourcecode.swift; path = AppDelegate.swift; sourceTree = "<group>"; };
		7E1D4FC523C7DDFF00224D5C /* SceneDelegate.swift */ = {isa = PBXFileReference; lastKnownFileType = sourcecode.swift; path = SceneDelegate.swift; sourceTree = "<group>"; };
		7E1D4FC723C7DDFF00224D5C /* ViewController.swift */ = {isa = PBXFileReference; lastKnownFileType = sourcecode.swift; path = ViewController.swift; sourceTree = "<group>"; };
		7E1D4FCA23C7DDFF00224D5C /* Base */ = {isa = PBXFileReference; lastKnownFileType = file.storyboard; name = Base; path = Base.lproj/Main.storyboard; sourceTree = "<group>"; };
		7E1D4FCC23C7DE0000224D5C /* Assets.xcassets */ = {isa = PBXFileReference; lastKnownFileType = folder.assetcatalog; path = Assets.xcassets; sourceTree = "<group>"; };
		7E1D4FCF23C7DE0000224D5C /* Base */ = {isa = PBXFileReference; lastKnownFileType = file.storyboard; name = Base; path = Base.lproj/LaunchScreen.storyboard; sourceTree = "<group>"; };
		7E1D4FD123C7DE0000224D5C /* Info.plist */ = {isa = PBXFileReference; lastKnownFileType = text.plist.xml; path = Info.plist; sourceTree = "<group>"; };
		7E1D4FD623C7DE0100224D5C /* AnimationTests.xctest */ = {isa = PBXFileReference; explicitFileType = wrapper.cfbundle; includeInIndex = 0; path = AnimationTests.xctest; sourceTree = BUILT_PRODUCTS_DIR; };
		7E1D4FDA23C7DE0100224D5C /* AnimationTests.swift */ = {isa = PBXFileReference; lastKnownFileType = sourcecode.swift; path = AnimationTests.swift; sourceTree = "<group>"; };
		7E1D4FDC23C7DE0100224D5C /* Info.plist */ = {isa = PBXFileReference; lastKnownFileType = text.plist.xml; path = Info.plist; sourceTree = "<group>"; };
		7E1D4FE123C7DE0100224D5C /* AnimationUITests.xctest */ = {isa = PBXFileReference; explicitFileType = wrapper.cfbundle; includeInIndex = 0; path = AnimationUITests.xctest; sourceTree = BUILT_PRODUCTS_DIR; };
		7E1D4FE523C7DE0100224D5C /* AnimationUITests.swift */ = {isa = PBXFileReference; lastKnownFileType = sourcecode.swift; path = AnimationUITests.swift; sourceTree = "<group>"; };
		7E1D4FE723C7DE0100224D5C /* Info.plist */ = {isa = PBXFileReference; lastKnownFileType = text.plist.xml; path = Info.plist; sourceTree = "<group>"; };
/* End PBXFileReference section */

/* Begin PBXFrameworksBuildPhase section */
		7E1D4FBD23C7DDFF00224D5C /* Frameworks */ = {
			isa = PBXFrameworksBuildPhase;
			buildActionMask = 2147483647;
			files = (
			);
			runOnlyForDeploymentPostprocessing = 0;
		};
		7E1D4FD323C7DE0100224D5C /* Frameworks */ = {
			isa = PBXFrameworksBuildPhase;
			buildActionMask = 2147483647;
			files = (
			);
			runOnlyForDeploymentPostprocessing = 0;
		};
		7E1D4FDE23C7DE0100224D5C /* Frameworks */ = {
			isa = PBXFrameworksBuildPhase;
			buildActionMask = 2147483647;
			files = (
			);
			runOnlyForDeploymentPostprocessing = 0;
		};
/* End PBXFrameworksBuildPhase section */

/* Begin PBXGroup section */
		7E1D4FB723C7DDFF00224D5C = {
			isa = PBXGroup;
			children = (
				7E1D4FC223C7DDFF00224D5C /* Animation */,
				7E1D4FD923C7DE0100224D5C /* AnimationTests */,
				7E1D4FE423C7DE0100224D5C /* AnimationUITests */,
				7E1D4FC123C7DDFF00224D5C /* Products */,
			);
			sourceTree = "<group>";
		};
		7E1D4FC123C7DDFF00224D5C /* Products */ = {
			isa = PBXGroup;
			children = (
				7E1D4FC023C7DDFF00224D5C /* Animation.app */,
				7E1D4FD623C7DE0100224D5C /* AnimationTests.xctest */,
				7E1D4FE123C7DE0100224D5C /* AnimationUITests.xctest */,
			);
			name = Products;
			sourceTree = "<group>";
		};
		7E1D4FC223C7DDFF00224D5C /* Animation */ = {
			isa = PBXGroup;
			children = (
				7E1D4FC323C7DDFF00224D5C /* AppDelegate.swift */,
				7E1D4FC523C7DDFF00224D5C /* SceneDelegate.swift */,
				7E1D4FC723C7DDFF00224D5C /* ViewController.swift */,
				7E1D4FC923C7DDFF00224D5C /* Main.storyboard */,
				7E1D4FCC23C7DE0000224D5C /* Assets.xcassets */,
				7E1D4FCE23C7DE0000224D5C /* LaunchScreen.storyboard */,
				7E1D4FD123C7DE0000224D5C /* Info.plist */,
			);
			path = Animation;
			sourceTree = "<group>";
		};
		7E1D4FD923C7DE0100224D5C /* AnimationTests */ = {
			isa = PBXGroup;
			children = (
				7E1D4FDA23C7DE0100224D5C /* AnimationTests.swift */,
				7E1D4FDC23C7DE0100224D5C /* Info.plist */,
			);
			path = AnimationTests;
			sourceTree = "<group>";
		};
		7E1D4FE423C7DE0100224D5C /* AnimationUITests */ = {
			isa = PBXGroup;
			children = (
				7E1D4FE523C7DE0100224D5C /* AnimationUITests.swift */,
				7E1D4FE723C7DE0100224D5C /* Info.plist */,
			);
			path = AnimationUITests;
			sourceTree = "<group>";
		};
/* End PBXGroup section */

/* Begin PBXNativeTarget section */
		7E1D4FBF23C7DDFF00224D5C /* Animation */ = {
			isa = PBXNativeTarget;
			buildConfigurationList = 7E1D4FEA23C7DE0100224D5C /* Build configuration list for PBXNativeTarget "Animation" */;
			buildPhases = (
				7E1D4FBC23C7DDFF00224D5C /* Sources */,
				7E1D4FBD23C7DDFF00224D5C /* Frameworks */,
				7E1D4FBE23C7DDFF00224D5C /* Resources */,
			);
			buildRules = (
			);
			dependencies = (
			);
			name = Animation;
			productName = Animation;
			productReference = 7E1D4FC023C7DDFF00224D5C /* Animation.app */;
			productType = "com.apple.product-type.application";
		};
		7E1D4FD523C7DE0100224D5C /* AnimationTests */ = {
			isa = PBXNativeTarget;
			buildConfigurationList = 7E1D4FED23C7DE0100224D5C /* Build configuration list for PBXNativeTarget "AnimationTests" */;
			buildPhases = (
				7E1D4FD223C7DE0100224D5C /* Sources */,
				7E1D4FD323C7DE0100224D5C /* Frameworks */,
				7E1D4FD423C7DE0100224D5C /* Resources */,
			);
			buildRules = (
			);
			dependencies = (
				7E1D4FD823C7DE0100224D5C /* PBXTargetDependency */,
			);
			name = AnimationTests;
			productName = AnimationTests;
			productReference = 7E1D4FD623C7DE0100224D5C /* AnimationTests.xctest */;
			productType = "com.apple.product-type.bundle.unit-test";
		};
		7E1D4FE023C7DE0100224D5C /* AnimationUITests */ = {
			isa = PBXNativeTarget;
			buildConfigurationList = 7E1D4FF023C7DE0100224D5C /* Build configuration list for PBXNativeTarget "AnimationUITests" */;
			buildPhases = (
				7E1D4FDD23C7DE0100224D5C /* Sources */,
				7E1D4FDE23C7DE0100224D5C /* Frameworks */,
				7E1D4FDF23C7DE0100224D5C /* Resources */,
			);
			buildRules = (
			);
			dependencies = (
				7E1D4FE323C7DE0100224D5C /* PBXTargetDependency */,
			);
			name = AnimationUITests;
			productName = AnimationUITests;
			productReference = 7E1D4FE123C7DE0100224D5C /* AnimationUITests.xctest */;
			productType = "com.apple.product-type.bundle.ui-testing";
		};
/* End PBXNativeTarget section */

/* Begin PBXProject section */
		7E1D4FB823C7DDFF00224D5C /* Project object */ = {
			isa = PBXProject;
			attributes = {
				LastSwiftUpdateCheck = 1130;
				LastUpgradeCheck = 1130;
				ORGANIZATIONNAME = "Mike Hobizal";
				TargetAttributes = {
					7E1D4FBF23C7DDFF00224D5C = {
						CreatedOnToolsVersion = 11.3;
					};
					7E1D4FD523C7DE0100224D5C = {
						CreatedOnToolsVersion = 11.3;
						TestTargetID = 7E1D4FBF23C7DDFF00224D5C;
					};
					7E1D4FE023C7DE0100224D5C = {
						CreatedOnToolsVersion = 11.3;
						TestTargetID = 7E1D4FBF23C7DDFF00224D5C;
					};
				};
			};
			buildConfigurationList = 7E1D4FBB23C7DDFF00224D5C /* Build configuration list for PBXProject "Animation" */;
			compatibilityVersion = "Xcode 9.3";
			developmentRegion = en;
			hasScannedForEncodings = 0;
			knownRegions = (
				en,
				Base,
			);
			mainGroup = 7E1D4FB723C7DDFF00224D5C;
			productRefGroup = 7E1D4FC123C7DDFF00224D5C /* Products */;
			projectDirPath = "";
			projectRoot = "";
			targets = (
				7E1D4FBF23C7DDFF00224D5C /* Animation */,
				7E1D4FD523C7DE0100224D5C /* AnimationTests */,
				7E1D4FE023C7DE0100224D5C /* AnimationUITests */,
			);
		};
/* End PBXProject section */

/* Begin PBXResourcesBuildPhase section */
		7E1D4FBE23C7DDFF00224D5C /* Resources */ = {
			isa = PBXResourcesBuildPhase;
			buildActionMask = 2147483647;
			files = (
				7E1D4FD023C7DE0000224D5C /* LaunchScreen.storyboard in Resources */,
				7E1D4FCD23C7DE0000224D5C /* Assets.xcassets in Resources */,
				7E1D4FCB23C7DDFF00224D5C /* Main.storyboard in Resources */,
			);
			runOnlyForDeploymentPostprocessing = 0;
		};
		7E1D4FD423C7DE0100224D5C /* Resources */ = {
			isa = PBXResourcesBuildPhase;
			buildActionMask = 2147483647;
			files = (
			);
			runOnlyForDeploymentPostprocessing = 0;
		};
		7E1D4FDF23C7DE0100224D5C /* Resources */ = {
			isa = PBXResourcesBuildPhase;
			buildActionMask = 2147483647;
			files = (
			);
			runOnlyForDeploymentPostprocessing = 0;
		};
/* End PBXResourcesBuildPhase section */

/* Begin PBXSourcesBuildPhase section */
		7E1D4FBC23C7DDFF00224D5C /* Sources */ = {
			isa = PBXSourcesBuildPhase;
			buildActionMask = 2147483647;
			files = (
				7E1D4FC823C7DDFF00224D5C /* ViewController.swift in Sources */,
				7E1D4FC423C7DDFF00224D5C /* AppDelegate.swift in Sources */,
				7E1D4FC623C7DDFF00224D5C /* SceneDelegate.swift in Sources */,
			);
			runOnlyForDeploymentPostprocessing = 0;
		};
		7E1D4FD223C7DE0100224D5C /* Sources */ = {
			isa = PBXSourcesBuildPhase;
			buildActionMask = 2147483647;
			files = (
				7E1D4FDB23C7DE0100224D5C /* AnimationTests.swift in Sources */,
			);
			runOnlyForDeploymentPostprocessing = 0;
		};
		7E1D4FDD23C7DE0100224D5C /* Sources */ = {
			isa = PBXSourcesBuildPhase;
			buildActionMask = 2147483647;
			files = (
				7E1D4FE623C7DE0100224D5C /* AnimationUITests.swift in Sources */,
			);
			runOnlyForDeploymentPostprocessing = 0;
		};
/* End PBXSourcesBuildPhase section */

/* Begin PBXTargetDependency section */
		7E1D4FD823C7DE0100224D5C /* PBXTargetDependency */ = {
			isa = PBXTargetDependency;
			target = 7E1D4FBF23C7DDFF00224D5C /* Animation */;
			targetProxy = 7E1D4FD723C7DE0100224D5C /* PBXContainerItemProxy */;
		};
		7E1D4FE323C7DE0100224D5C /* PBXTargetDependency */ = {
			isa = PBXTargetDependency;
			target = 7E1D4FBF23C7DDFF00224D5C /* Animation */;
			targetProxy = 7E1D4FE223C7DE0100224D5C /* PBXContainerItemProxy */;
		};
/* End PBXTargetDependency section */

/* Begin PBXVariantGroup section */
		7E1D4FC923C7DDFF00224D5C /* Main.storyboard */ = {
			isa = PBXVariantGroup;
			children = (
				7E1D4FCA23C7DDFF00224D5C /* Base */,
			);
			name = Main.storyboard;
			sourceTree = "<group>";
		};
		7E1D4FCE23C7DE0000224D5C /* LaunchScreen.storyboard */ = {
			isa = PBXVariantGroup;
			children = (
				7E1D4FCF23C7DE0000224D5C /* Base */,
			);
			name = LaunchScreen.storyboard;
			sourceTree = "<group>";
		};
/* End PBXVariantGroup section */

/* Begin XCBuildConfiguration section */
		7E1D4FE823C7DE0100224D5C /* Debug */ = {
			isa = XCBuildConfiguration;
			buildSettings = {
				ALWAYS_SEARCH_USER_PATHS = NO;
				CLANG_ANALYZER_NONNULL = YES;
				CLANG_ANALYZER_NUMBER_OBJECT_CONVERSION = YES_AGGRESSIVE;
				CLANG_CXX_LANGUAGE_STANDARD = "gnu++14";
				CLANG_CXX_LIBRARY = "libc++";
				CLANG_ENABLE_MODULES = YES;
				CLANG_ENABLE_OBJC_ARC = YES;
				CLANG_ENABLE_OBJC_WEAK = YES;
				CLANG_WARN_BLOCK_CAPTURE_AUTORELEASING = YES;
				CLANG_WARN_BOOL_CONVERSION = YES;
				CLANG_WARN_COMMA = YES;
				CLANG_WARN_CONSTANT_CONVERSION = YES;
				CLANG_WARN_DEPRECATED_OBJC_IMPLEMENTATIONS = YES;
				CLANG_WARN_DIRECT_OBJC_ISA_USAGE = YES_ERROR;
				CLANG_WARN_DOCUMENTATION_COMMENTS = YES;
				CLANG_WARN_EMPTY_BODY = YES;
				CLANG_WARN_ENUM_CONVERSION = YES;
				CLANG_WARN_INFINITE_RECURSION = YES;
				CLANG_WARN_INT_CONVERSION = YES;
				CLANG_WARN_NON_LITERAL_NULL_CONVERSION = YES;
				CLANG_WARN_OBJC_IMPLICIT_RETAIN_SELF = YES;
				CLANG_WARN_OBJC_LITERAL_CONVERSION = YES;
				CLANG_WARN_OBJC_ROOT_CLASS = YES_ERROR;
				CLANG_WARN_RANGE_LOOP_ANALYSIS = YES;
				CLANG_WARN_STRICT_PROTOTYPES = YES;
				CLANG_WARN_SUSPICIOUS_MOVE = YES;
				CLANG_WARN_UNGUARDED_AVAILABILITY = YES_AGGRESSIVE;
				CLANG_WARN_UNREACHABLE_CODE = YES;
				CLANG_WARN__DUPLICATE_METHOD_MATCH = YES;
				COPY_PHASE_STRIP = NO;
				DEBUG_INFORMATION_FORMAT = dwarf;
				ENABLE_STRICT_OBJC_MSGSEND = YES;
				ENABLE_TESTABILITY = YES;
				GCC_C_LANGUAGE_STANDARD = gnu11;
				GCC_DYNAMIC_NO_PIC = NO;
				GCC_NO_COMMON_BLOCKS = YES;
				GCC_OPTIMIZATION_LEVEL = 0;
				GCC_PREPROCESSOR_DEFINITIONS = (
					"DEBUG=1",
					"$(inherited)",
				);
				GCC_WARN_64_TO_32_BIT_CONVERSION = YES;
				GCC_WARN_ABOUT_RETURN_TYPE = YES_ERROR;
				GCC_WARN_UNDECLARED_SELECTOR = YES;
				GCC_WARN_UNINITIALIZED_AUTOS = YES_AGGRESSIVE;
				GCC_WARN_UNUSED_FUNCTION = YES;
				GCC_WARN_UNUSED_VARIABLE = YES;
				IPHONEOS_DEPLOYMENT_TARGET = 13.2;
				MTL_ENABLE_DEBUG_INFO = INCLUDE_SOURCE;
				MTL_FAST_MATH = YES;
				ONLY_ACTIVE_ARCH = YES;
				SDKROOT = iphoneos;
				SWIFT_ACTIVE_COMPILATION_CONDITIONS = DEBUG;
				SWIFT_OPTIMIZATION_LEVEL = "-Onone";
			};
			name = Debug;
		};
		7E1D4FE923C7DE0100224D5C /* Release */ = {
			isa = XCBuildConfiguration;
			buildSettings = {
				ALWAYS_SEARCH_USER_PATHS = NO;
				CLANG_ANALYZER_NONNULL = YES;
				CLANG_ANALYZER_NUMBER_OBJECT_CONVERSION = YES_AGGRESSIVE;
				CLANG_CXX_LANGUAGE_STANDARD = "gnu++14";
				CLANG_CXX_LIBRARY = "libc++";
				CLANG_ENABLE_MODULES = YES;
				CLANG_ENABLE_OBJC_ARC = YES;
				CLANG_ENABLE_OBJC_WEAK = YES;
				CLANG_WARN_BLOCK_CAPTURE_AUTORELEASING = YES;
				CLANG_WARN_BOOL_CONVERSION = YES;
				CLANG_WARN_COMMA = YES;
				CLANG_WARN_CONSTANT_CONVERSION = YES;
				CLANG_WARN_DEPRECATED_OBJC_IMPLEMENTATIONS = YES;
				CLANG_WARN_DIRECT_OBJC_ISA_USAGE = YES_ERROR;
				CLANG_WARN_DOCUMENTATION_COMMENTS = YES;
				CLANG_WARN_EMPTY_BODY = YES;
				CLANG_WARN_ENUM_CONVERSION = YES;
				CLANG_WARN_INFINITE_RECURSION = YES;
				CLANG_WARN_INT_CONVERSION = YES;
				CLANG_WARN_NON_LITERAL_NULL_CONVERSION = YES;
				CLANG_WARN_OBJC_IMPLICIT_RETAIN_SELF = YES;
				CLANG_WARN_OBJC_LITERAL_CONVERSION = YES;
				CLANG_WARN_OBJC_ROOT_CLASS = YES_ERROR;
				CLANG_WARN_RANGE_LOOP_ANALYSIS = YES;
				CLANG_WARN_STRICT_PROTOTYPES = YES;
				CLANG_WARN_SUSPICIOUS_MOVE = YES;
				CLANG_WARN_UNGUARDED_AVAILABILITY = YES_AGGRESSIVE;
				CLANG_WARN_UNREACHABLE_CODE = YES;
				CLANG_WARN__DUPLICATE_METHOD_MATCH = YES;
				COPY_PHASE_STRIP = NO;
				DEBUG_INFORMATION_FORMAT = "dwarf-with-dsym";
				ENABLE_NS_ASSERTIONS = NO;
				ENABLE_STRICT_OBJC_MSGSEND = YES;
				GCC_C_LANGUAGE_STANDARD = gnu11;
				GCC_NO_COMMON_BLOCKS = YES;
				GCC_WARN_64_TO_32_BIT_CONVERSION = YES;
				GCC_WARN_ABOUT_RETURN_TYPE = YES_ERROR;
				GCC_WARN_UNDECLARED_SELECTOR = YES;
				GCC_WARN_UNINITIALIZED_AUTOS = YES_AGGRESSIVE;
				GCC_WARN_UNUSED_FUNCTION = YES;
				GCC_WARN_UNUSED_VARIABLE = YES;
				IPHONEOS_DEPLOYMENT_TARGET = 13.2;
				MTL_ENABLE_DEBUG_INFO = NO;
				MTL_FAST_MATH = YES;
				SDKROOT = iphoneos;
				SWIFT_COMPILATION_MODE = wholemodule;
				SWIFT_OPTIMIZATION_LEVEL = "-O";
				VALIDATE_PRODUCT = YES;
			};
			name = Release;
		};
		7E1D4FEB23C7DE0100224D5C /* Debug */ = {
			isa = XCBuildConfiguration;
			buildSettings = {
				ASSETCATALOG_COMPILER_APPICON_NAME = AppIcon;
				CODE_SIGN_STYLE = Automatic;
				DEVELOPMENT_TEAM = V45Z3ZJBMW;
				INFOPLIST_FILE = Animation/Info.plist;
				LD_RUNPATH_SEARCH_PATHS = (
					"$(inherited)",
					"@executable_path/Frameworks",
				);
				PRODUCT_BUNDLE_IDENTIFIER = com.MikeHobizal.Animation;
				PRODUCT_NAME = "$(TARGET_NAME)";
				SWIFT_VERSION = 5.0;
				TARGETED_DEVICE_FAMILY = "1,2";
			};
			name = Debug;
		};
		7E1D4FEC23C7DE0100224D5C /* Release */ = {
			isa = XCBuildConfiguration;
			buildSettings = {
				ASSETCATALOG_COMPILER_APPICON_NAME = AppIcon;
				CODE_SIGN_STYLE = Automatic;
				DEVELOPMENT_TEAM = V45Z3ZJBMW;
				INFOPLIST_FILE = Animation/Info.plist;
				LD_RUNPATH_SEARCH_PATHS = (
					"$(inherited)",
					"@executable_path/Frameworks",
				);
				PRODUCT_BUNDLE_IDENTIFIER = com.MikeHobizal.Animation;
				PRODUCT_NAME = "$(TARGET_NAME)";
				SWIFT_VERSION = 5.0;
				TARGETED_DEVICE_FAMILY = "1,2";
			};
			name = Release;
		};
		7E1D4FEE23C7DE0100224D5C /* Debug */ = {
			isa = XCBuildConfiguration;
			buildSettings = {
				ALWAYS_EMBED_SWIFT_STANDARD_LIBRARIES = YES;
				BUNDLE_LOADER = "$(TEST_HOST)";
				CODE_SIGN_STYLE = Automatic;
				DEVELOPMENT_TEAM = V45Z3ZJBMW;
				INFOPLIST_FILE = AnimationTests/Info.plist;
				IPHONEOS_DEPLOYMENT_TARGET = 13.2;
				LD_RUNPATH_SEARCH_PATHS = (
					"$(inherited)",
					"@executable_path/Frameworks",
					"@loader_path/Frameworks",
				);
				PRODUCT_BUNDLE_IDENTIFIER = com.MikeHobizal.AnimationTests;
				PRODUCT_NAME = "$(TARGET_NAME)";
				SWIFT_VERSION = 5.0;
				TARGETED_DEVICE_FAMILY = "1,2";
				TEST_HOST = "$(BUILT_PRODUCTS_DIR)/Animation.app/Animation";
			};
			name = Debug;
		};
		7E1D4FEF23C7DE0100224D5C /* Release */ = {
			isa = XCBuildConfiguration;
			buildSettings = {
				ALWAYS_EMBED_SWIFT_STANDARD_LIBRARIES = YES;
				BUNDLE_LOADER = "$(TEST_HOST)";
				CODE_SIGN_STYLE = Automatic;
				DEVELOPMENT_TEAM = V45Z3ZJBMW;
				INFOPLIST_FILE = AnimationTests/Info.plist;
				IPHONEOS_DEPLOYMENT_TARGET = 13.2;
				LD_RUNPATH_SEARCH_PATHS = (
					"$(inherited)",
					"@executable_path/Frameworks",
					"@loader_path/Frameworks",
				);
				PRODUCT_BUNDLE_IDENTIFIER = com.MikeHobizal.AnimationTests;
				PRODUCT_NAME = "$(TARGET_NAME)";
				SWIFT_VERSION = 5.0;
				TARGETED_DEVICE_FAMILY = "1,2";
				TEST_HOST = "$(BUILT_PRODUCTS_DIR)/Animation.app/Animation";
			};
			name = Release;
		};
		7E1D4FF123C7DE0100224D5C /* Debug */ = {
			isa = XCBuildConfiguration;
			buildSettings = {
				ALWAYS_EMBED_SWIFT_STANDARD_LIBRARIES = YES;
				CODE_SIGN_STYLE = Automatic;
				DEVELOPMENT_TEAM = V45Z3ZJBMW;
				INFOPLIST_FILE = AnimationUITests/Info.plist;
				LD_RUNPATH_SEARCH_PATHS = (
					"$(inherited)",
					"@executable_path/Frameworks",
					"@loader_path/Frameworks",
				);
				PRODUCT_BUNDLE_IDENTIFIER = com.MikeHobizal.AnimationUITests;
				PRODUCT_NAME = "$(TARGET_NAME)";
				SWIFT_VERSION = 5.0;
				TARGETED_DEVICE_FAMILY = "1,2";
				TEST_TARGET_NAME = Animation;
			};
			name = Debug;
		};
		7E1D4FF223C7DE0100224D5C /* Release */ = {
			isa = XCBuildConfiguration;
			buildSettings = {
				ALWAYS_EMBED_SWIFT_STANDARD_LIBRARIES = YES;
				CODE_SIGN_STYLE = Automatic;
				DEVELOPMENT_TEAM = V45Z3ZJBMW;
				INFOPLIST_FILE = AnimationUITests/Info.plist;
				LD_RUNPATH_SEARCH_PATHS = (
					"$(inherited)",
					"@executable_path/Frameworks",
					"@loader_path/Frameworks",
				);
				PRODUCT_BUNDLE_IDENTIFIER = com.MikeHobizal.AnimationUITests;
				PRODUCT_NAME = "$(TARGET_NAME)";
				SWIFT_VERSION = 5.0;
				TARGETED_DEVICE_FAMILY = "1,2";
				TEST_TARGET_NAME = Animation;
			};
			name = Release;
		};
/* End XCBuildConfiguration section */

/* Begin XCConfigurationList section */
		7E1D4FBB23C7DDFF00224D5C /* Build configuration list for PBXProject "Animation" */ = {
			isa = XCConfigurationList;
			buildConfigurations = (
				7E1D4FE823C7DE0100224D5C /* Debug */,
				7E1D4FE923C7DE0100224D5C /* Release */,
			);
			defaultConfigurationIsVisible = 0;
			defaultConfigurationName = Release;
		};
		7E1D4FEA23C7DE0100224D5C /* Build configuration list for PBXNativeTarget "Animation" */ = {
			isa = XCConfigurationList;
			buildConfigurations = (
				7E1D4FEB23C7DE0100224D5C /* Debug */,
				7E1D4FEC23C7DE0100224D5C /* Release */,
			);
			defaultConfigurationIsVisible = 0;
			defaultConfigurationName = Release;
		};
		7E1D4FED23C7DE0100224D5C /* Build configuration list for PBXNativeTarget "AnimationTests" */ = {
			isa = XCConfigurationList;
			buildConfigurations = (
				7E1D4FEE23C7DE0100224D5C /* Debug */,
				7E1D4FEF23C7DE0100224D5C /* Release */,
			);
			defaultConfigurationIsVisible = 0;
			defaultConfigurationName = Release;
		};
		7E1D4FF023C7DE0100224D5C /* Build configuration list for PBXNativeTarget "AnimationUITests" */ = {
			isa = XCConfigurationList;
			buildConfigurations = (
				7E1D4FF123C7DE0100224D5C /* Debug */,
				7E1D4FF223C7DE0100224D5C /* Release */,
			);
			defaultConfigurationIsVisible = 0;
			defaultConfigurationName = Release;
		};
/* End XCConfigurationList section */
	};
	rootObject = 7E1D4FB823C7DDFF00224D5C /* Project object */;
}
